{
  "version": 4,
  "terraform_version": "1.5.6",
  "serial": 14,
  "lineage": "99b1ed80-dfe4-efad-35ad-79ec78ec9a51",
  "outputs": {
    "database_instance_ip": {
      "value": "35.205.219.117",
      "type": "string"
    },
    "instance_connection_name": {
      "value": "omnia-strategies:europe-west1:omnia-db-instance",
      "type": "string"
    },
    "omnia_database_name": {
      "value": "omniadb",
      "type": "string"
    },
    "omnia_user_name": {
      "value": "omnia_user",
      "type": "string"
    }
  },
  "resources": [
    {
      "mode": "managed",
      "type": "google_sql_database",
      "name": "omniadb",
      "provider": "provider[\"registry.terraform.io/hashicorp/google\"]",
      "instances": [
        {
          "schema_version": 0,
          "attributes": {
            "charset": "UTF8",
            "collation": "en_US.UTF8",
            "deletion_policy": "DELETE",
            "id": "projects/omnia-strategies/instances/omnia-db-instance/databases/omniadb",
            "instance": "omnia-db-instance",
            "name": "omniadb",
            "project": "omnia-strategies",
            "self_link": "https://sqladmin.googleapis.com/sql/v1beta4/projects/omnia-strategies/instances/omnia-db-instance/databases/omniadb",
            "timeouts": null
          },
          "sensitive_attributes": [],
          "private": "eyJlMmJmYjczMC1lY2FhLTExZTYtOGY4OC0zNDM2M2JjN2M0YzAiOnsiY3JlYXRlIjoxMjAwMDAwMDAwMDAwLCJkZWxldGUiOjEyMDAwMDAwMDAwMDAsInVwZGF0ZSI6MTIwMDAwMDAwMDAwMH19",
          "dependencies": [
            "google_sql_database_instance.omnia_db"
          ]
        }
      ]
    },
    {
      "mode": "managed",
      "type": "google_sql_database_instance",
      "name": "omnia_db",
      "provider": "provider[\"registry.terraform.io/hashicorp/google\"]",
      "instances": [
        {
          "schema_version": 0,
          "attributes": {
            "available_maintenance_versions": [],
            "clone": [],
            "connection_name": "omnia-strategies:europe-west1:omnia-db-instance",
            "database_version": "POSTGRES_14",
            "deletion_protection": false,
            "dns_name": "",
            "encryption_key_name": null,
            "first_ip_address": "35.205.219.117",
            "id": "omnia-db-instance",
            "instance_type": "CLOUD_SQL_INSTANCE",
            "ip_address": [
              {
                "ip_address": "35.205.219.117",
                "time_to_retire": "",
                "type": "PRIMARY"
              },
              {
                "ip_address": "34.140.46.196",
                "time_to_retire": "",
                "type": "OUTGOING"
              }
            ],
            "maintenance_version": "POSTGRES_14_13.R20240910.01_04",
            "master_instance_name": "",
            "name": "omnia-db-instance",
            "private_ip_address": "",
            "project": "omnia-strategies",
            "psc_service_attachment_link": "",
            "public_ip_address": "35.205.219.117",
            "region": "europe-west1",
            "replica_configuration": [],
            "restore_backup_context": [],
            "root_password": null,
            "self_link": "https://sqladmin.googleapis.com/sql/v1beta4/projects/omnia-strategies/instances/omnia-db-instance",
            "server_ca_cert": [
              {
                "cert": "-----BEGIN CERTIFICATE-----\nMIIDfzCCAmegAwIBAgIBADANBgkqhkiG9w0BAQsFADB3MS0wKwYDVQQuEyQ0MTk2\nODk0My0xZjhjLTQyNGMtOTQ4MS04N2Q5YTJkM2M4M2QxIzAhBgNVBAMTGkdvb2ds\nZSBDbG91ZCBTUUwgU2VydmVyIENBMRQwEgYDVQQKEwtHb29nbGUsIEluYzELMAkG\nA1UEBhMCVVMwHhcNMjQxMTAxMDA0MzQwWhcNMzQxMDMwMDA0NDQwWjB3MS0wKwYD\nVQQuEyQ0MTk2ODk0My0xZjhjLTQyNGMtOTQ4MS04N2Q5YTJkM2M4M2QxIzAhBgNV\nBAMTGkdvb2dsZSBDbG91ZCBTUUwgU2VydmVyIENBMRQwEgYDVQQKEwtHb29nbGUs\nIEluYzELMAkGA1UEBhMCVVMwggEiMA0GCSqGSIb3DQEBAQUAA4IBDwAwggEKAoIB\nAQClaWpIWgCpJyErQLH9YbFYHnmeiFLcbHF6I9a75rW8+UEBoY/3toXQtJ6gt4S6\nR77kNarETgIBMFu1NwfIdRrUE8zIgzklSN/30E994vOjOVRzp4i7JiIMbMQYuziU\nbjXV9k/5lOyfWpenHcdANuGc5d5ZDz/sFmB3AhFzpIgcZW7U8dnZrZA0Rvl07Dhx\nkKD0DrSMDTu+hzRqhkQz19xjRLcmxDxVR4YuFmbzF9L0H8/FWrbnXvK9mFIVgAQ9\nqgEU99Yjb8AprNINzn633wO492CLvX1y28T3bSOwnKW4lw4aGASnGDbbOMyXM2pp\n9m6sCwVsEIPmt1TQwqJxFR2JAgMBAAGjFjAUMBIGA1UdEwEB/wQIMAYBAf8CAQAw\nDQYJKoZIhvcNAQELBQADggEBAAq5Y2EaByjVfVR1ScTxPyiqwjyhxuvzm5tCflwn\n1P08HiKXynN6+g1KmZHMYfKvwAvHRojebb9OOHW0xhwE1aSyO3ViuvWwMGAyZIUC\na0aIiiCKu82CkM9N1hPH5zlCw6k3KPmvEPOANpFpEZ7Gj23daUoXy/Xqtnre8yeN\nxdC8UflptR2bgI+m8pYlJq1EyJu37MCvozOV8aluME8McvtwOdViL4W6Q5XM1tED\nT0H9/NHAX9CRfI+eKmUBSMWyfnNEjPTCNZxDy56ZvN3rY8hPNITGzJrYOpY7Ckc/\nqziUji4erasQHM+y2D92Nr9zlpO3LyyiRUq6CPC+f3yBCXs=\n-----END CERTIFICATE-----",
                "common_name": "C=US,O=Google\\, Inc,CN=Google Cloud SQL Server CA,dnQualifier=41968943-1f8c-424c-9481-87d9a2d3c83d",
                "create_time": "2024-11-01T00:43:40.726Z",
                "expiration_time": "2034-10-30T00:44:40.726Z",
                "sha1_fingerprint": "3c5a97cae8a11d56ae329cdbdd6a4703ace0ab78"
              }
            ],
            "service_account_email_address": "p1080235481239-9bm6xg@gcp-sa-cloud-sql.iam.gserviceaccount.com",
            "settings": [
              {
                "activation_policy": "ALWAYS",
                "active_directory_config": [],
                "advanced_machine_features": [],
                "availability_type": "ZONAL",
                "backup_configuration": [
                  {
                    "backup_retention_settings": [
                      {
                        "retained_backups": 7,
                        "retention_unit": "COUNT"
                      }
                    ],
                    "binary_log_enabled": false,
                    "enabled": true,
                    "location": "",
                    "point_in_time_recovery_enabled": false,
                    "start_time": "02:00",
                    "transaction_log_retention_days": 7
                  }
                ],
                "collation": "",
                "connector_enforcement": "NOT_REQUIRED",
                "data_cache_config": [],
                "database_flags": [],
                "deletion_protection_enabled": false,
                "deny_maintenance_period": [],
                "disk_autoresize": true,
                "disk_autoresize_limit": 0,
                "disk_size": 10,
                "disk_type": "PD_SSD",
                "edition": "",
                "insights_config": [],
                "ip_configuration": [
                  {
                    "allocated_ip_range": "",
                    "authorized_networks": [
                      {
                        "expiration_time": "",
                        "name": "allow-development",
                        "value": "151.40.117.156/32"
                      }
                    ],
                    "enable_private_path_for_google_cloud_services": false,
                    "ipv4_enabled": true,
                    "private_network": "",
                    "psc_config": [],
                    "require_ssl": false
                  }
                ],
                "location_preference": [
                  {
                    "follow_gae_application": "",
                    "secondary_zone": "",
                    "zone": "europe-west1-d"
                  }
                ],
                "maintenance_window": [],
                "password_validation_policy": [],
                "pricing_plan": "PER_USE",
                "sql_server_audit_config": [],
                "tier": "db-f1-micro",
                "time_zone": "",
                "user_labels": {},
                "version": 1
              }
            ],
            "timeouts": null
          },
          "sensitive_attributes": [],
          "private": "eyJlMmJmYjczMC1lY2FhLTExZTYtOGY4OC0zNDM2M2JjN2M0YzAiOnsiY3JlYXRlIjoyNDAwMDAwMDAwMDAwLCJkZWxldGUiOjE4MDAwMDAwMDAwMDAsInVwZGF0ZSI6MTgwMDAwMDAwMDAwMH19"
        }
      ]
    },
    {
      "mode": "managed",
      "type": "google_sql_user",
      "name": "omnia_user",
      "provider": "provider[\"registry.terraform.io/hashicorp/google\"]",
      "instances": [
        {
          "schema_version": 1,
          "attributes": {
            "deletion_policy": null,
            "host": "",
            "id": "omnia_user//omnia-db-instance",
            "instance": "omnia-db-instance",
            "name": "omnia_user",
            "password": "G9XbKxq5iMJ@bmL6\u0026M2EcL",
            "password_policy": [],
            "project": "omnia-strategies",
            "sql_server_user_details": [],
            "timeouts": null,
            "type": ""
          },
          "sensitive_attributes": [
            [
              {
                "type": "get_attr",
                "value": "password"
              }
            ]
          ],
          "private": "eyJlMmJmYjczMC1lY2FhLTExZTYtOGY4OC0zNDM2M2JjN2M0YzAiOnsiY3JlYXRlIjo2MDAwMDAwMDAwMDAsImRlbGV0ZSI6NjAwMDAwMDAwMDAwLCJ1cGRhdGUiOjYwMDAwMDAwMDAwMH0sInNjaGVtYV92ZXJzaW9uIjoiMSJ9",
          "dependencies": [
            "google_sql_database_instance.omnia_db"
          ]
        }
      ]
    }
  ],
  "check_results": null
}
